// !$*UTF8*$!
{
	archiveVersion = 1;
	classes = {
	};
	objectVersion = 48;
	objects = {

/* Begin PBXBuildFile section */
		0EB4A989208B413400E62F45 /* PlaySoundsViewController.swift in Sources */ = {isa = PBXBuildFile; fileRef = 0EB4A988208B413400E62F45 /* PlaySoundsViewController.swift */; };
		0EB4A98B208B4A2B00E62F45 /* PlaySoundsViewController+Audio.swift in Sources */ = {isa = PBXBuildFile; fileRef = 0EB4A98A208B4A2B00E62F45 /* PlaySoundsViewController+Audio.swift */; };
		0EFDCFF520432F1B004F929F /* AppDelegate.swift in Sources */ = {isa = PBXBuildFile; fileRef = 0EFDCFF420432F1B004F929F /* AppDelegate.swift */; };
		0EFDCFF720432F1B004F929F /* RecordSoundsViewController.swift in Sources */ = {isa = PBXBuildFile; fileRef = 0EFDCFF620432F1B004F929F /* RecordSoundsViewController.swift */; };
		0EFDCFFA20432F1B004F929F /* Main.storyboard in Resources */ = {isa = PBXBuildFile; fileRef = 0EFDCFF820432F1B004F929F /* Main.storyboard */; };
		0EFDCFFC20432F1B004F929F /* Assets.xcassets in Resources */ = {isa = PBXBuildFile; fileRef = 0EFDCFFB20432F1B004F929F /* Assets.xcassets */; };
		0EFDCFFF20432F1B004F929F /* LaunchScreen.storyboard in Resources */ = {isa = PBXBuildFile; fileRef = 0EFDCFFD20432F1B004F929F /* LaunchScreen.storyboard */; };
		0EFDD00A20432F1B004F929F /* PitchPerfectTests.swift in Sources */ = {isa = PBXBuildFile; fileRef = 0EFDD00920432F1B004F929F /* PitchPerfectTests.swift */; };
		0EFDD01520432F1B004F929F /* PitchPerfectUITests.swift in Sources */ = {isa = PBXBuildFile; fileRef = 0EFDD01420432F1B004F929F /* PitchPerfectUITests.swift */; };
/* End PBXBuildFile section */

/* Begin PBXContainerItemProxy section */
		0EFDD00620432F1B004F929F /* PBXContainerItemProxy */ = {
			isa = PBXContainerItemProxy;
			containerPortal = 0EFDCFE920432F1B004F929F /* Project object */;
			proxyType = 1;
			remoteGlobalIDString = 0EFDCFF020432F1B004F929F;
			remoteInfo = PitchPerfect;
		};
		0EFDD01120432F1B004F929F /* PBXContainerItemProxy */ = {
			isa = PBXContainerItemProxy;
			containerPortal = 0EFDCFE920432F1B004F929F /* Project object */;
			proxyType = 1;
			remoteGlobalIDString = 0EFDCFF020432F1B004F929F;
			remoteInfo = PitchPerfect;
		};
/* End PBXContainerItemProxy section */

/* Begin PBXFileReference section */
		0EB4A988208B413400E62F45 /* PlaySoundsViewController.swift */ = {isa = PBXFileReference; lastKnownFileType = sourcecode.swift; path = PlaySoundsViewController.swift; sourceTree = "<group>"; };
		0EB4A98A208B4A2B00E62F45 /* PlaySoundsViewController+Audio.swift */ = {isa = PBXFileReference; lastKnownFileType = sourcecode.swift; path = "PlaySoundsViewController+Audio.swift"; sourceTree = "<group>"; };
		0EFDCFF120432F1B004F929F /* PitchPerfect.app */ = {isa = PBXFileReference; explicitFileType = wrapper.application; includeInIndex = 0; path = PitchPerfect.app; sourceTree = BUILT_PRODUCTS_DIR; };
		0EFDCFF420432F1B004F929F /* AppDelegate.swift */ = {isa = PBXFileReference; lastKnownFileType = sourcecode.swift; path = AppDelegate.swift; sourceTree = "<group>"; };
		0EFDCFF620432F1B004F929F /* RecordSoundsViewController.swift */ = {isa = PBXFileReference; lastKnownFileType = sourcecode.swift; path = RecordSoundsViewController.swift; sourceTree = "<group>"; };
		0EFDCFF920432F1B004F929F /* Base */ = {isa = PBXFileReference; lastKnownFileType = file.storyboard; name = Base; path = Base.lproj/Main.storyboard; sourceTree = "<group>"; };
		0EFDCFFB20432F1B004F929F /* Assets.xcassets */ = {isa = PBXFileReference; lastKnownFileType = folder.assetcatalog; path = Assets.xcassets; sourceTree = "<group>"; };
		0EFDCFFE20432F1B004F929F /* Base */ = {isa = PBXFileReference; lastKnownFileType = file.storyboard; name = Base; path = Base.lproj/LaunchScreen.storyboard; sourceTree = "<group>"; };
		0EFDD00020432F1B004F929F /* Info.plist */ = {isa = PBXFileReference; lastKnownFileType = text.plist.xml; path = Info.plist; sourceTree = "<group>"; };
		0EFDD00520432F1B004F929F /* PitchPerfectTests.xctest */ = {isa = PBXFileReference; explicitFileType = wrapper.cfbundle; includeInIndex = 0; path = PitchPerfectTests.xctest; sourceTree = BUILT_PRODUCTS_DIR; };
		0EFDD00920432F1B004F929F /* PitchPerfectTests.swift */ = {isa = PBXFileReference; lastKnownFileType = sourcecode.swift; path = PitchPerfectTests.swift; sourceTree = "<group>"; };
		0EFDD00B20432F1B004F929F /* Info.plist */ = {isa = PBXFileReference; lastKnownFileType = text.plist.xml; path = Info.plist; sourceTree = "<group>"; };
		0EFDD01020432F1B004F929F /* PitchPerfectUITests.xctest */ = {isa = PBXFileReference; explicitFileType = wrapper.cfbundle; includeInIndex = 0; path = PitchPerfectUITests.xctest; sourceTree = BUILT_PRODUCTS_DIR; };
		0EFDD01420432F1B004F929F /* PitchPerfectUITests.swift */ = {isa = PBXFileReference; lastKnownFileType = sourcecode.swift; path = PitchPerfectUITests.swift; sourceTree = "<group>"; };
		0EFDD01620432F1B004F929F /* Info.plist */ = {isa = PBXFileReference; lastKnownFileType = text.plist.xml; path = Info.plist; sourceTree = "<group>"; };
/* End PBXFileReference section */

/* Begin PBXFrameworksBuildPhase section */
		0EFDCFEE20432F1B004F929F /* Frameworks */ = {
			isa = PBXFrameworksBuildPhase;
			buildActionMask = 2147483647;
			files = (
			);
			runOnlyForDeploymentPostprocessing = 0;
		};
		0EFDD00220432F1B004F929F /* Frameworks */ = {
			isa = PBXFrameworksBuildPhase;
			buildActionMask = 2147483647;
			files = (
			);
			runOnlyForDeploymentPostprocessing = 0;
		};
		0EFDD00D20432F1B004F929F /* Frameworks */ = {
			isa = PBXFrameworksBuildPhase;
			buildActionMask = 2147483647;
			files = (
			);
			runOnlyForDeploymentPostprocessing = 0;
		};
/* End PBXFrameworksBuildPhase section */

/* Begin PBXGroup section */
		0EFDCFE820432F1B004F929F = {
			isa = PBXGroup;
			children = (
				0EFDCFF320432F1B004F929F /* PitchPerfect */,
				0EFDD00820432F1B004F929F /* PitchPerfectTests */,
				0EFDD01320432F1B004F929F /* PitchPerfectUITests */,
				0EFDCFF220432F1B004F929F /* Products */,
			);
			sourceTree = "<group>";
		};
		0EFDCFF220432F1B004F929F /* Products */ = {
			isa = PBXGroup;
			children = (
				0EFDCFF120432F1B004F929F /* PitchPerfect.app */,
				0EFDD00520432F1B004F929F /* PitchPerfectTests.xctest */,
				0EFDD01020432F1B004F929F /* PitchPerfectUITests.xctest */,
			);
			name = Products;
			sourceTree = "<group>";
		};
		0EFDCFF320432F1B004F929F /* PitchPerfect */ = {
			isa = PBXGroup;
			children = (
				0EFDCFF420432F1B004F929F /* AppDelegate.swift */,
				0EFDCFF620432F1B004F929F /* RecordSoundsViewController.swift */,
				0EFDCFF820432F1B004F929F /* Main.storyboard */,
				0EFDCFFB20432F1B004F929F /* Assets.xcassets */,
				0EFDCFFD20432F1B004F929F /* LaunchScreen.storyboard */,
				0EFDD00020432F1B004F929F /* Info.plist */,
				0EB4A988208B413400E62F45 /* PlaySoundsViewController.swift */,
				0EB4A98A208B4A2B00E62F45 /* PlaySoundsViewController+Audio.swift */,
			);
			path = PitchPerfect;
			sourceTree = "<group>";
		};
		0EFDD00820432F1B004F929F /* PitchPerfectTests */ = {
			isa = PBXGroup;
			children = (
				0EFDD00920432F1B004F929F /* PitchPerfectTests.swift */,
				0EFDD00B20432F1B004F929F /* Info.plist */,
			);
			path = PitchPerfectTests;
			sourceTree = "<group>";
		};
		0EFDD01320432F1B004F929F /* PitchPerfectUITests */ = {
			isa = PBXGroup;
			children = (
				0EFDD01420432F1B004F929F /* PitchPerfectUITests.swift */,
				0EFDD01620432F1B004F929F /* Info.plist */,
			);
			path = PitchPerfectUITests;
			sourceTree = "<group>";
		};
/* End PBXGroup section */

/* Begin PBXNativeTarget section */
		0EFDCFF020432F1B004F929F /* PitchPerfect */ = {
			isa = PBXNativeTarget;
			buildConfigurationList = 0EFDD01920432F1B004F929F /* Build configuration list for PBXNativeTarget "PitchPerfect" */;
			buildPhases = (
				0EFDCFED20432F1B004F929F /* Sources */,
				0EFDCFEE20432F1B004F929F /* Frameworks */,
				0EFDCFEF20432F1B004F929F /* Resources */,
			);
			buildRules = (
			);
			dependencies = (
			);
			name = PitchPerfect;
			productName = PitchPerfect;
			productReference = 0EFDCFF120432F1B004F929F /* PitchPerfect.app */;
			productType = "com.apple.product-type.application";
		};
		0EFDD00420432F1B004F929F /* PitchPerfectTests */ = {
			isa = PBXNativeTarget;
			buildConfigurationList = 0EFDD01C20432F1B004F929F /* Build configuration list for PBXNativeTarget "PitchPerfectTests" */;
			buildPhases = (
				0EFDD00120432F1B004F929F /* Sources */,
				0EFDD00220432F1B004F929F /* Frameworks */,
				0EFDD00320432F1B004F929F /* Resources */,
			);
			buildRules = (
			);
			dependencies = (
				0EFDD00720432F1B004F929F /* PBXTargetDependency */,
			);
			name = PitchPerfectTests;
			productName = PitchPerfectTests;
			productReference = 0EFDD00520432F1B004F929F /* PitchPerfectTests.xctest */;
			productType = "com.apple.product-type.bundle.unit-test";
		};
		0EFDD00F20432F1B004F929F /* PitchPerfectUITests */ = {
			isa = PBXNativeTarget;
			buildConfigurationList = 0EFDD01F20432F1B004F929F /* Build configuration list for PBXNativeTarget "PitchPerfectUITests" */;
			buildPhases = (
				0EFDD00C20432F1B004F929F /* Sources */,
				0EFDD00D20432F1B004F929F /* Frameworks */,
				0EFDD00E20432F1B004F929F /* Resources */,
			);
			buildRules = (
			);
			dependencies = (
				0EFDD01220432F1B004F929F /* PBXTargetDependency */,
			);
			name = PitchPerfectUITests;
			productName = PitchPerfectUITests;
			productReference = 0EFDD01020432F1B004F929F /* PitchPerfectUITests.xctest */;
			productType = "com.apple.product-type.bundle.ui-testing";
		};
/* End PBXNativeTarget section */

/* Begin PBXProject section */
		0EFDCFE920432F1B004F929F /* Project object */ = {
			isa = PBXProject;
			attributes = {
				LastSwiftUpdateCheck = 0920;
				LastUpgradeCheck = 0920;
				ORGANIZATIONNAME = shektek;
				TargetAttributes = {
					0EFDCFF020432F1B004F929F = {
						CreatedOnToolsVersion = 9.2;
						ProvisioningStyle = Automatic;
					};
					0EFDD00420432F1B004F929F = {
						CreatedOnToolsVersion = 9.2;
						ProvisioningStyle = Automatic;
						TestTargetID = 0EFDCFF020432F1B004F929F;
					};
					0EFDD00F20432F1B004F929F = {
						CreatedOnToolsVersion = 9.2;
						ProvisioningStyle = Automatic;
						TestTargetID = 0EFDCFF020432F1B004F929F;
					};
				};
			};
			buildConfigurationList = 0EFDCFEC20432F1B004F929F /* Build configuration list for PBXProject "PitchPerfect" */;
			compatibilityVersion = "Xcode 8.0";
			developmentRegion = en;
			hasScannedForEncodings = 0;
			knownRegions = (
				en,
				Base,
			);
			mainGroup = 0EFDCFE820432F1B004F929F;
			productRefGroup = 0EFDCFF220432F1B004F929F /* Products */;
			projectDirPath = "";
			projectRoot = "";
			targets = (
				0EFDCFF020432F1B004F929F /* PitchPerfect */,
				0EFDD00420432F1B004F929F /* PitchPerfectTests */,
				0EFDD00F20432F1B004F929F /* PitchPerfectUITests */,
			);
		};
/* End PBXProject section */

/* Begin PBXResourcesBuildPhase section */
		0EFDCFEF20432F1B004F929F /* Resources */ = {
			isa = PBXResourcesBuildPhase;
			buildActionMask = 2147483647;
			files = (
				0EFDCFFF20432F1B004F929F /* LaunchScreen.storyboard in Resources */,
				0EFDCFFC20432F1B004F929F /* Assets.xcassets in Resources */,
				0EFDCFFA20432F1B004F929F /* Main.storyboard in Resources */,
			);
			runOnlyForDeploymentPostprocessing = 0;
		};
		0EFDD00320432F1B004F929F /* Resources */ = {
			isa = PBXResourcesBuildPhase;
			buildActionMask = 2147483647;
			files = (
			);
			runOnlyForDeploymentPostprocessing = 0;
		};
		0EFDD00E20432F1B004F929F /* Resources */ = {
			isa = PBXResourcesBuildPhase;
			buildActionMask = 2147483647;
			files = (
			);
			runOnlyForDeploymentPostprocessing = 0;
		};
/* End PBXResourcesBuildPhase section */

/* Begin PBXSourcesBuildPhase section */
		0EFDCFED20432F1B004F929F /* Sources */ = {
			isa = PBXSourcesBuildPhase;
			buildActionMask = 2147483647;
			files = (
				0EFDCFF720432F1B004F929F /* RecordSoundsViewController.swift in Sources */,
				0EB4A98B208B4A2B00E62F45 /* PlaySoundsViewController+Audio.swift in Sources */,
				0EB4A989208B413400E62F45 /* PlaySoundsViewController.swift in Sources */,
				0EFDCFF520432F1B004F929F /* AppDelegate.swift in Sources */,
			);
			runOnlyForDeploymentPostprocessing = 0;
		};
		0EFDD00120432F1B004F929F /* Sources */ = {
			isa = PBXSourcesBuildPhase;
			buildActionMask = 2147483647;
			files = (
				0EFDD00A20432F1B004F929F /* PitchPerfectTests.swift in Sources */,
			);
			runOnlyForDeploymentPostprocessing = 0;
		};
		0EFDD00C20432F1B004F929F /* Sources */ = {
			isa = PBXSourcesBuildPhase;
			buildActionMask = 2147483647;
			files = (
				0EFDD01520432F1B004F929F /* PitchPerfectUITests.swift in Sources */,
			);
			runOnlyForDeploymentPostprocessing = 0;
		};
/* End PBXSourcesBuildPhase section */

/* Begin PBXTargetDependency section */
		0EFDD00720432F1B004F929F /* PBXTargetDependency */ = {
			isa = PBXTargetDependency;
			target = 0EFDCFF020432F1B004F929F /* PitchPerfect */;
			targetProxy = 0EFDD00620432F1B004F929F /* PBXContainerItemProxy */;
		};
		0EFDD01220432F1B004F929F /* PBXTargetDependency */ = {
			isa = PBXTargetDependency;
			target = 0EFDCFF020432F1B004F929F /* PitchPerfect */;
			targetProxy = 0EFDD01120432F1B004F929F /* PBXContainerItemProxy */;
		};
/* End PBXTargetDependency section */

/* Begin PBXVariantGroup section */
		0EFDCFF820432F1B004F929F /* Main.storyboard */ = {
			isa = PBXVariantGroup;
			children = (
				0EFDCFF920432F1B004F929F /* Base */,
			);
			name = Main.storyboard;
			sourceTree = "<group>";
		};
		0EFDCFFD20432F1B004F929F /* LaunchScreen.storyboard */ = {
			isa = PBXVariantGroup;
			children = (
				0EFDCFFE20432F1B004F929F /* Base */,
			);
			name = LaunchScreen.storyboard;
			sourceTree = "<group>";
		};
/* End PBXVariantGroup section */

/* Begin XCBuildConfiguration section */
		0EFDD01720432F1B004F929F /* Debug */ = {
			isa = XCBuildConfiguration;
			buildSettings = {
				ALWAYS_SEARCH_USER_PATHS = NO;
				CLANG_ANALYZER_NONNULL = YES;
				CLANG_ANALYZER_NUMBER_OBJECT_CONVERSION = YES_AGGRESSIVE;
				CLANG_CXX_LANGUAGE_STANDARD = "gnu++14";
				CLANG_CXX_LIBRARY = "libc++";
				CLANG_ENABLE_MODULES = YES;
				CLANG_ENABLE_OBJC_ARC = YES;
				CLANG_WARN_BLOCK_CAPTURE_AUTORELEASING = YES;
				CLANG_WARN_BOOL_CONVERSION = YES;
				CLANG_WARN_COMMA = YES;
				CLANG_WARN_CONSTANT_CONVERSION = YES;
				CLANG_WARN_DIRECT_OBJC_ISA_USAGE = YES_ERROR;
				CLANG_WARN_DOCUMENTATION_COMMENTS = YES;
				CLANG_WARN_EMPTY_BODY = YES;
				CLANG_WARN_ENUM_CONVERSION = YES;
				CLANG_WARN_INFINITE_RECURSION = YES;
				CLANG_WARN_INT_CONVERSION = YES;
				CLANG_WARN_NON_LITERAL_NULL_CONVERSION = YES;
				CLANG_WARN_OBJC_LITERAL_CONVERSION = YES;
				CLANG_WARN_OBJC_ROOT_CLASS = YES_ERROR;
				CLANG_WARN_RANGE_LOOP_ANALYSIS = YES;
				CLANG_WARN_STRICT_PROTOTYPES = YES;
				CLANG_WARN_SUSPICIOUS_MOVE = YES;
				CLANG_WARN_UNGUARDED_AVAILABILITY = YES_AGGRESSIVE;
				CLANG_WARN_UNREACHABLE_CODE = YES;
				CLANG_WARN__DUPLICATE_METHOD_MATCH = YES;
				CODE_SIGN_IDENTITY = "iPhone Developer";
				COPY_PHASE_STRIP = NO;
				DEBUG_INFORMATION_FORMAT = dwarf;
				ENABLE_STRICT_OBJC_MSGSEND = YES;
				ENABLE_TESTABILITY = YES;
				GCC_C_LANGUAGE_STANDARD = gnu11;
				GCC_DYNAMIC_NO_PIC = NO;
				GCC_NO_COMMON_BLOCKS = YES;
				GCC_OPTIMIZATION_LEVEL = 0;
				GCC_PREPROCESSOR_DEFINITIONS = (
					"DEBUG=1",
					"$(inherited)",
				);
				GCC_WARN_64_TO_32_BIT_CONVERSION = YES;
				GCC_WARN_ABOUT_RETURN_TYPE = YES_ERROR;
				GCC_WARN_UNDECLARED_SELECTOR = YES;
				GCC_WARN_UNINITIALIZED_AUTOS = YES_AGGRESSIVE;
				GCC_WARN_UNUSED_FUNCTION = YES;
				GCC_WARN_UNUSED_VARIABLE = YES;
				IPHONEOS_DEPLOYMENT_TARGET = 11.2;
				MTL_ENABLE_DEBUG_INFO = YES;
				ONLY_ACTIVE_ARCH = YES;
				SDKROOT = iphoneos;
				SWIFT_ACTIVE_COMPILATION_CONDITIONS = DEBUG;
				SWIFT_OPTIMIZATION_LEVEL = "-Onone";
			};
			name = Debug;
		};
		0EFDD01820432F1B004F929F /* Release */ = {
			isa = XCBuildConfiguration;
			buildSettings = {
				ALWAYS_SEARCH_USER_PATHS = NO;
				CLANG_ANALYZER_NONNULL = YES;
				CLANG_ANALYZER_NUMBER_OBJECT_CONVERSION = YES_AGGRESSIVE;
				CLANG_CXX_LANGUAGE_STANDARD = "gnu++14";
				CLANG_CXX_LIBRARY = "libc++";
				CLANG_ENABLE_MODULES = YES;
				CLANG_ENABLE_OBJC_ARC = YES;
				CLANG_WARN_BLOCK_CAPTURE_AUTORELEASING = YES;
				CLANG_WARN_BOOL_CONVERSION = YES;
				CLANG_WARN_COMMA = YES;
				CLANG_WARN_CONSTANT_CONVERSION = YES;
				CLANG_WARN_DIRECT_OBJC_ISA_USAGE = YES_ERROR;
				CLANG_WARN_DOCUMENTATION_COMMENTS = YES;
				CLANG_WARN_EMPTY_BODY = YES;
				CLANG_WARN_ENUM_CONVERSION = YES;
				CLANG_WARN_INFINITE_RECURSION = YES;
				CLANG_WARN_INT_CONVERSION = YES;
				CLANG_WARN_NON_LITERAL_NULL_CONVERSION = YES;
				CLANG_WARN_OBJC_LITERAL_CONVERSION = YES;
				CLANG_WARN_OBJC_ROOT_CLASS = YES_ERROR;
				CLANG_WARN_RANGE_LOOP_ANALYSIS = YES;
				CLANG_WARN_STRICT_PROTOTYPES = YES;
				CLANG_WARN_SUSPICIOUS_MOVE = YES;
				CLANG_WARN_UNGUARDED_AVAILABILITY = YES_AGGRESSIVE;
				CLANG_WARN_UNREACHABLE_CODE = YES;
				CLANG_WARN__DUPLICATE_METHOD_MATCH = YES;
				CODE_SIGN_IDENTITY = "iPhone Developer";
				COPY_PHASE_STRIP = NO;
				DEBUG_INFORMATION_FORMAT = "dwarf-with-dsym";
				ENABLE_NS_ASSERTIONS = NO;
				ENABLE_STRICT_OBJC_MSGSEND = YES;
				GCC_C_LANGUAGE_STANDARD = gnu11;
				GCC_NO_COMMON_BLOCKS = YES;
				GCC_WARN_64_TO_32_BIT_CONVERSION = YES;
				GCC_WARN_ABOUT_RETURN_TYPE = YES_ERROR;
				GCC_WARN_UNDECLARED_SELECTOR = YES;
				GCC_WARN_UNINITIALIZED_AUTOS = YES_AGGRESSIVE;
				GCC_WARN_UNUSED_FUNCTION = YES;
				GCC_WARN_UNUSED_VARIABLE = YES;
				IPHONEOS_DEPLOYMENT_TARGET = 11.2;
				MTL_ENABLE_DEBUG_INFO = NO;
				SDKROOT = iphoneos;
				SWIFT_OPTIMIZATION_LEVEL = "-Owholemodule";
				VALIDATE_PRODUCT = YES;
			};
			name = Release;
		};
		0EFDD01A20432F1B004F929F /* Debug */ = {
			isa = XCBuildConfiguration;
			buildSettings = {
				ASSETCATALOG_COMPILER_APPICON_NAME = AppIcon;
				CODE_SIGN_STYLE = Automatic;
				DEVELOPMENT_TEAM = Y7NDW2JGRY;
				INFOPLIST_FILE = PitchPerfect/Info.plist;
				LD_RUNPATH_SEARCH_PATHS = "$(inherited) @executable_path/Frameworks";
				PRODUCT_BUNDLE_IDENTIFIER = com.shektek.PitchPerfect;
				PRODUCT_NAME = "$(TARGET_NAME)";
				SWIFT_VERSION = 4.0;
				TARGETED_DEVICE_FAMILY = "1,2";
			};
			name = Debug;
		};
		0EFDD01B20432F1B004F929F /* Release */ = {
			isa = XCBuildConfiguration;
			buildSettings = {
				ASSETCATALOG_COMPILER_APPICON_NAME = AppIcon;
				CODE_SIGN_STYLE = Automatic;
				DEVELOPMENT_TEAM = Y7NDW2JGRY;
				INFOPLIST_FILE = PitchPerfect/Info.plist;
				LD_RUNPATH_SEARCH_PATHS = "$(inherited) @executable_path/Frameworks";
				PRODUCT_BUNDLE_IDENTIFIER = com.shektek.PitchPerfect;
				PRODUCT_NAME = "$(TARGET_NAME)";
				SWIFT_VERSION = 4.0;
				TARGETED_DEVICE_FAMILY = "1,2";
			};
			name = Release;
		};
		0EFDD01D20432F1B004F929F /* Debug */ = {
			isa = XCBuildConfiguration;
			buildSettings = {
				ALWAYS_EMBED_SWIFT_STANDARD_LIBRARIES = YES;
				BUNDLE_LOADER = "$(TEST_HOST)";
				CODE_SIGN_STYLE = Automatic;
				DEVELOPMENT_TEAM = Y7NDW2JGRY;
				INFOPLIST_FILE = PitchPerfectTests/Info.plist;
				LD_RUNPATH_SEARCH_PATHS = "$(inherited) @executable_path/Frameworks @loader_path/Frameworks";
				PRODUCT_BUNDLE_IDENTIFIER = com.shektek.PitchPerfectTests;
				PRODUCT_NAME = "$(TARGET_NAME)";
				SWIFT_VERSION = 4.0;
				TARGETED_DEVICE_FAMILY = "1,2";
				TEST_HOST = "$(BUILT_PRODUCTS_DIR)/PitchPerfect.app/PitchPerfect";
			};
			name = Debug;
		};
		0EFDD01E20432F1B004F929F /* Release */ = {
			isa = XCBuildConfiguration;
			buildSettings = {
				ALWAYS_EMBED_SWIFT_STANDARD_LIBRARIES = YES;
				BUNDLE_LOADER = "$(TEST_HOST)";
				CODE_SIGN_STYLE = Automatic;
				DEVELOPMENT_TEAM = Y7NDW2JGRY;
				INFOPLIST_FILE = PitchPerfectTests/Info.plist;
				LD_RUNPATH_SEARCH_PATHS = "$(inherited) @executable_path/Frameworks @loader_path/Frameworks";
				PRODUCT_BUNDLE_IDENTIFIER = com.shektek.PitchPerfectTests;
				PRODUCT_NAME = "$(TARGET_NAME)";
				SWIFT_VERSION = 4.0;
				TARGETED_DEVICE_FAMILY = "1,2";
				TEST_HOST = "$(BUILT_PRODUCTS_DIR)/PitchPerfect.app/PitchPerfect";
			};
			name = Release;
		};
		0EFDD02020432F1B004F929F /* Debug */ = {
			isa = XCBuildConfiguration;
			buildSettings = {
				ALWAYS_EMBED_SWIFT_STANDARD_LIBRARIES = YES;
				CODE_SIGN_STYLE = Automatic;
				DEVELOPMENT_TEAM = Y7NDW2JGRY;
				INFOPLIST_FILE = PitchPerfectUITests/Info.plist;
				LD_RUNPATH_SEARCH_PATHS = "$(inherited) @executable_path/Frameworks @loader_path/Frameworks";
				PRODUCT_BUNDLE_IDENTIFIER = com.shektek.PitchPerfectUITests;
				PRODUCT_NAME = "$(TARGET_NAME)";
				SWIFT_VERSION = 4.0;
				TARGETED_DEVICE_FAMILY = "1,2";
				TEST_TARGET_NAME = PitchPerfect;
			};
			name = Debug;
		};
		0EFDD02120432F1B004F929F /* Release */ = {
			isa = XCBuildConfiguration;
			buildSettings = {
				ALWAYS_EMBED_SWIFT_STANDARD_LIBRARIES = YES;
				CODE_SIGN_STYLE = Automatic;
				DEVELOPMENT_TEAM = Y7NDW2JGRY;
				INFOPLIST_FILE = PitchPerfectUITests/Info.plist;
				LD_RUNPATH_SEARCH_PATHS = "$(inherited) @executable_path/Frameworks @loader_path/Frameworks";
				PRODUCT_BUNDLE_IDENTIFIER = com.shektek.PitchPerfectUITests;
				PRODUCT_NAME = "$(TARGET_NAME)";
				SWIFT_VERSION = 4.0;
				TARGETED_DEVICE_FAMILY = "1,2";
				TEST_TARGET_NAME = PitchPerfect;
			};
			name = Release;
		};
/* End XCBuildConfiguration section */

/* Begin XCConfigurationList section */
		0EFDCFEC20432F1B004F929F /* Build configuration list for PBXProject "PitchPerfect" */ = {
			isa = XCConfigurationList;
			buildConfigurations = (
				0EFDD01720432F1B004F929F /* Debug */,
				0EFDD01820432F1B004F929F /* Release */,
			);
			defaultConfigurationIsVisible = 0;
			defaultConfigurationName = Release;
		};
		0EFDD01920432F1B004F929F /* Build configuration list for PBXNativeTarget "PitchPerfect" */ = {
			isa = XCConfigurationList;
			buildConfigurations = (
				0EFDD01A20432F1B004F929F /* Debug */,
				0EFDD01B20432F1B004F929F /* Release */,
			);
			defaultConfigurationIsVisible = 0;
			defaultConfigurationName = Release;
		};
		0EFDD01C20432F1B004F929F /* Build configuration list for PBXNativeTarget "PitchPerfectTests" */ = {
			isa = XCConfigurationList;
			buildConfigurations = (
				0EFDD01D20432F1B004F929F /* Debug */,
				0EFDD01E20432F1B004F929F /* Release */,
			);
			defaultConfigurationIsVisible = 0;
			defaultConfigurationName = Release;
		};
		0EFDD01F20432F1B004F929F /* Build configuration list for PBXNativeTarget "PitchPerfectUITests" */ = {
			isa = XCConfigurationList;
			buildConfigurations = (
				0EFDD02020432F1B004F929F /* Debug */,
				0EFDD02120432F1B004F929F /* Release */,
			);
			defaultConfigurationIsVisible = 0;
			defaultConfigurationName = Release;
		};
/* End XCConfigurationList section */
	};
	rootObject = 0EFDCFE920432F1B004F929F /* Project object */;
}
